lockfileVersion: '6.0'

settings:
  autoInstallPeers: true
  excludeLinksFromLockfile: false

dependencies:
  '@wallet-standard/core':
    specifier: ^1.0.3
    version: 1.0.3

packages:

  /@wallet-standard/app@1.0.1:
    resolution: {integrity: sha512-LnLYq2Vy2guTZ8GQKKSXQK3+FRGPil75XEdkZqE6fiLixJhZJoJa5hT7lXxwe0ykVTt9LEThdTbOpT7KadS26Q==}
    engines: {node: '>=16'}
    dependencies:
      '@wallet-standard/base': 1.0.1
    dev: false

  /@wallet-standard/base@1.0.1:
    resolution: {integrity: sha512-1To3ekMfzhYxe0Yhkpri+Fedq0SYcfrOfJi3vbLjMwF2qiKPjTGLwZkf2C9ftdQmxES+hmxhBzTwF4KgcOwf8w==}
    engines: {node: '>=16'}
    dev: false

  /@wallet-standard/core@1.0.3:
    resolution: {integrity: sha512-Jb33IIjC1wM1HoKkYD7xQ6d6PZ8EmMZvyc8R7dFgX66n/xkvksVTW04g9yLvQXrLFbcIjHrCxW6TXMhvpsAAzg==}
    engines: {node: '>=16'}
    dependencies:
      '@wallet-standard/app': 1.0.1
      '@wallet-standard/base': 1.0.1
      '@wallet-standard/features': 1.0.3
      '@wallet-standard/wallet': 1.0.1
    dev: false

  /@wallet-standard/features@1.0.3:
    resolution: {integrity: sha512-m8475I6W5LTatTZuUz5JJNK42wFRgkJTB0I9tkruMwfqBF2UN2eomkYNVf9RbrsROelCRzSFmugqjKZBFaubsA==}
    engines: {node: '>=16'}
    dependencies:
      '@wallet-standard/base': 1.0.1
    dev: false

  /@wallet-standard/wallet@1.0.1:
    resolution: {integrity: sha512-qkhJeuQU2afQTZ02yMZE5SFc91Fo3hyFjFkpQglHudENNyiSG0oUKcIjky8X32xVSaumgTZSQUAzpXnCTWHzKQ==}
    engines: {node: '>=16'}
    dependencies:
      '@wallet-standard/base': 1.0.1
    dev: false
